
Microsoft Visual Studio Solution File, Format Version 12.00
# Visual Studio Version 17
VisualStudioVersion = 17.3.32929.385
MinimumVisualStudioVersion = 10.0.40219.1
Project("{FAE04EC0-301F-11D3-BF4B-00C04F79EFBC}") = "blankChlen.Android", "blankChlen.Android\blankChlen.Android.csproj", "{E65DD34F-3EE7-40E1-8965-E3BC95D72BF9}"
EndProject
Project("{FAE04EC0-301F-11D3-BF4B-00C04F79EFBC}") = "blankChlen", "blankChlen\blankChlen.csproj", "{014C42C7-08E4-46F9-BA99-DA4317193FAE}"
EndProject
Global
	GlobalSection(SolutionConfigurationPlatforms) = preSolution
		Debug|Any CPU = Debug|Any CPU
		Release|Any CPU = Release|Any CPU
	EndGlobalSection
	GlobalSection(ProjectConfigurationPlatforms) = postSolution
		{E65DD34F-3EE7-40E1-8965-E3BC95D72BF9}.Debug|Any CPU.ActiveCfg = Debug|Any CPU
		{E65DD34F-3EE7-40E1-8965-E3BC95D72BF9}.Debug|Any CPU.Build.0 = Debug|Any CPU
		{E65DD34F-3EE7-40E1-8965-E3BC95D72BF9}.Debug|Any CPU.Deploy.0 = Debug|Any CPU
		{E65DD34F-3EE7-40E1-8965-E3BC95D72BF9}.Release|Any CPU.ActiveCfg = Release|Any CPU
		{E65DD34F-3EE7-40E1-8965-E3BC95D72BF9}.Release|Any CPU.Build.0 = Release|Any CPU
		{E65DD34F-3EE7-40E1-8965-E3BC95D72BF9}.Release|Any CPU.Deploy.0 = Release|Any CPU
		{014C42C7-08E4-46F9-BA99-DA4317193FAE}.Debug|Any CPU.ActiveCfg = Debug|Any CPU
		{014C42C7-08E4-46F9-BA99-DA4317193FAE}.Debug|Any CPU.Build.0 = Debug|Any CPU
		{014C42C7-08E4-46F9-BA99-DA4317193FAE}.Debug|Any CPU.Deploy.0 = Debug|Any CPU
		{014C42C7-08E4-46F9-BA99-DA4317193FAE}.Release|Any CPU.ActiveCfg = Release|Any CPU
		{014C42C7-08E4-46F9-BA99-DA4317193FAE}.Release|Any CPU.Build.0 = Release|Any CPU
		{014C42C7-08E4-46F9-BA99-DA4317193FAE}.Release|Any CPU.Deploy.0 = Release|Any CPU
	EndGlobalSection
	GlobalSection(SolutionProperties) = preSolution
		HideSolutionNode = FALSE
	EndGlobalSection
	GlobalSection(ExtensibilityGlobals) = postSolution
		SolutionGuid = {1B1E774D-4EF2-4D89-A121-9B5E5989CBC8}
	EndGlobalSection
EndGlobal
